{
  "name": "leo-bus",
  "version": "1.0.0",
  "lockfileVersion": 1,
  "requires": true,
  "dependencies": {
    "leo-sdk": {
      "version": "file:../sdks/nodejs",
      "requires": {
        "async": "2.6.0",
        "aws-sdk": "2.149.0",
        "backoff": "2.5.0",
        "extend": "3.0.1",
        "fast-csv": "2.4.1",
        "flush-write-stream": "1.0.2",
        "moment": "2.19.1",
        "moment-timezone": "0.5.14",
        "pump": "1.0.2",
        "pumpify": "1.3.5",
        "split2": "2.2.0",
        "through2": "2.0.3",
        "uuid": "3.1.0"
      },
      "dependencies": {
        "arguments-extended": {
          "version": "0.0.3",
          "bundled": true,
          "requires": {
            "extended": "0.0.6",
            "is-extended": "0.0.10"
          }
        },
        "array-extended": {
          "version": "0.0.11",
          "bundled": true,
          "requires": {
            "arguments-extended": "0.0.3",
            "extended": "0.0.6",
            "is-extended": "0.0.10"
          }
        },
        "async": {
          "version": "2.6.0",
          "bundled": true,
          "requires": {
            "lodash": "4.17.4"
          }
        },
        "aws-sdk": {
          "version": "2.149.0",
          "bundled": true,
          "requires": {
            "buffer": "4.9.1",
            "crypto-browserify": "1.0.9",
            "events": "1.1.1",
            "jmespath": "0.15.0",
            "querystring": "0.2.0",
            "sax": "1.2.1",
            "url": "0.10.3",
            "uuid": "3.1.0",
            "xml2js": "0.4.17",
            "xmlbuilder": "4.2.1"
          }
        },
        "backoff": {
          "version": "2.5.0",
          "bundled": true,
          "requires": {
            "precond": "0.2.3"
          }
        },
        "balanced-match": {
          "version": "1.0.0",
          "bundled": true
        },
        "base64-js": {
          "version": "1.2.1",
          "bundled": true
        },
        "brace-expansion": {
          "version": "1.1.8",
          "bundled": true,
          "requires": {
            "balanced-match": "1.0.0",
            "concat-map": "0.0.1"
          }
        },
        "browser-stdout": {
          "version": "1.3.0",
          "bundled": true
        },
        "buffer": {
          "version": "4.9.1",
          "bundled": true,
          "requires": {
            "base64-js": "1.2.1",
            "ieee754": "1.1.8",
            "isarray": "1.0.0"
          }
        },
        "commander": {
          "version": "2.9.0",
          "bundled": true,
          "requires": {
            "graceful-readlink": "1.0.1"
          }
        },
        "concat-map": {
          "version": "0.0.1",
          "bundled": true
        },
        "core-util-is": {
          "version": "1.0.2",
          "bundled": true
        },
        "crypto-browserify": {
          "version": "1.0.9",
          "bundled": true
        },
        "date-extended": {
          "version": "0.0.6",
          "bundled": true,
          "requires": {
            "array-extended": "0.0.11",
            "extended": "0.0.6",
            "is-extended": "0.0.10"
          }
        },
        "debug": {
          "version": "2.6.8",
          "bundled": true,
          "requires": {
            "ms": "2.0.0"
          }
        },
        "declare.js": {
          "version": "0.0.8",
          "bundled": true
        },
        "diff": {
          "version": "3.2.0",
          "bundled": true
        },
        "duplexify": {
          "version": "3.5.1",
          "bundled": true,
          "requires": {
            "end-of-stream": "1.4.0",
            "inherits": "2.0.3",
            "readable-stream": "2.3.3",
            "stream-shift": "1.0.0"
          }
        },
        "elasticsearch": {
          "version": "",
          "bundled": true,
          "dependencies": {
            "chalk": {
              "version": "",
              "bundled": true
            }
          }
        },
        "end-of-stream": {
          "version": "1.4.0",
          "bundled": true,
          "requires": {
            "once": "1.4.0"
          }
        },
        "escape-string-regexp": {
          "version": "1.0.5",
          "bundled": true
        },
        "events": {
          "version": "1.1.1",
          "bundled": true
        },
        "extend": {
          "version": "3.0.1",
          "bundled": true
        },
        "extended": {
          "version": "0.0.6",
          "bundled": true,
          "requires": {
            "extender": "0.0.10"
          }
        },
        "extender": {
          "version": "0.0.10",
          "bundled": true,
          "requires": {
            "declare.js": "0.0.8"
          }
        },
        "fast-csv": {
          "version": "2.4.1",
          "bundled": true,
          "requires": {
            "extended": "0.0.6",
            "is-extended": "0.0.10",
            "object-extended": "0.0.7",
            "string-extended": "0.0.8"
          }
        },
        "flush-write-stream": {
          "version": "1.0.2",
          "bundled": true,
          "requires": {
            "inherits": "2.0.3",
            "readable-stream": "2.3.3"
          }
        },
        "fs.realpath": {
          "version": "1.0.0",
          "bundled": true
        },
        "glob": {
          "version": "7.1.1",
          "bundled": true,
          "requires": {
            "fs.realpath": "1.0.0",
            "inflight": "1.0.6",
            "inherits": "2.0.3",
            "minimatch": "3.0.4",
            "once": "1.4.0",
            "path-is-absolute": "1.0.1"
          }
        },
        "graceful-readlink": {
          "version": "1.0.1",
          "bundled": true
        },
        "growl": {
          "version": "1.9.2",
          "bundled": true
        },
        "has-flag": {
          "version": "1.0.0",
          "bundled": true
        },
        "ieee754": {
          "version": "1.1.8",
          "bundled": true
        },
        "inflight": {
          "version": "1.0.6",
          "bundled": true,
          "requires": {
            "once": "1.4.0",
            "wrappy": "1.0.2"
          }
        },
        "inherits": {
          "version": "2.0.3",
          "bundled": true
        },
        "is-extended": {
          "version": "0.0.10",
          "bundled": true,
          "requires": {
            "extended": "0.0.6"
          }
        },
        "isarray": {
          "version": "1.0.0",
          "bundled": true
        },
        "jmespath": {
          "version": "0.15.0",
          "bundled": true
        },
        "json3": {
          "version": "3.3.2",
          "bundled": true
        },
        "lodash": {
          "version": "4.17.4",
          "bundled": true
        },
        "lodash._baseassign": {
          "version": "3.2.0",
          "bundled": true,
          "requires": {
            "lodash._basecopy": "3.0.1",
            "lodash.keys": "3.1.2"
          }
        },
        "lodash._basecopy": {
          "version": "3.0.1",
          "bundled": true
        },
        "lodash._basecreate": {
          "version": "3.0.3",
          "bundled": true
        },
        "lodash._getnative": {
          "version": "3.9.1",
          "bundled": true
        },
        "lodash._isiterateecall": {
          "version": "3.0.9",
          "bundled": true
        },
        "lodash.create": {
          "version": "3.1.1",
          "bundled": true,
          "requires": {
            "lodash._baseassign": "3.2.0",
            "lodash._basecreate": "3.0.3",
            "lodash._isiterateecall": "3.0.9"
          }
        },
        "lodash.isarguments": {
          "version": "3.1.0",
          "bundled": true
        },
        "lodash.isarray": {
          "version": "3.0.4",
          "bundled": true
        },
        "lodash.keys": {
          "version": "3.1.2",
          "bundled": true,
          "requires": {
            "lodash._getnative": "3.9.1",
            "lodash.isarguments": "3.1.0",
            "lodash.isarray": "3.0.4"
          }
        },
        "minimatch": {
          "version": "3.0.4",
          "bundled": true,
          "requires": {
            "brace-expansion": "1.1.8"
          }
        },
        "minimist": {
          "version": "0.0.8",
          "bundled": true
        },
        "mkdirp": {
          "version": "0.5.1",
          "bundled": true,
          "requires": {
            "minimist": "0.0.8"
          }
        },
        "mocha": {
          "version": "3.5.0",
          "bundled": true,
          "requires": {
            "browser-stdout": "1.3.0",
            "commander": "2.9.0",
            "debug": "2.6.8",
            "diff": "3.2.0",
            "escape-string-regexp": "1.0.5",
            "glob": "7.1.1",
            "growl": "1.9.2",
            "json3": "3.3.2",
            "lodash.create": "3.1.1",
            "mkdirp": "0.5.1",
            "supports-color": "3.1.2"
          }
        },
        "moment": {
          "version": "2.19.1",
          "bundled": true
        },
        "moment-timezone": {
          "version": "0.5.14",
          "bundled": true,
          "requires": {
            "moment": "2.19.1"
          }
        },
        "ms": {
          "version": "2.0.0",
          "bundled": true
        },
        "object-extended": {
          "version": "0.0.7",
          "bundled": true,
          "requires": {
            "array-extended": "0.0.11",
            "extended": "0.0.6",
            "is-extended": "0.0.10"
          }
        },
        "once": {
          "version": "1.4.0",
          "bundled": true,
          "requires": {
            "wrappy": "1.0.2"
          }
        },
        "path-is-absolute": {
          "version": "1.0.1",
          "bundled": true
        },
        "precond": {
          "version": "0.2.3",
          "bundled": true
        },
        "process-nextick-args": {
          "version": "1.0.7",
          "bundled": true
        },
        "pump": {
          "version": "1.0.2",
          "bundled": true,
          "requires": {
            "end-of-stream": "1.4.0",
            "once": "1.4.0"
          }
        },
        "pumpify": {
          "version": "1.3.5",
          "bundled": true,
          "requires": {
            "duplexify": "3.5.1",
            "inherits": "2.0.3",
            "pump": "1.0.2"
          }
        },
        "punycode": {
          "version": "1.3.2",
          "bundled": true
        },
        "querystring": {
          "version": "0.2.0",
          "bundled": true
        },
        "readable-stream": {
          "version": "2.3.3",
          "bundled": true,
          "requires": {
            "core-util-is": "1.0.2",
            "inherits": "2.0.3",
            "isarray": "1.0.0",
            "process-nextick-args": "1.0.7",
            "safe-buffer": "5.1.1",
            "string_decoder": "1.0.3",
            "util-deprecate": "1.0.2"
          }
        },
        "safe-buffer": {
          "version": "5.1.1",
          "bundled": true
        },
        "sax": {
          "version": "1.2.1",
          "bundled": true
        },
        "split2": {
          "version": "2.2.0",
          "bundled": true,
          "requires": {
            "through2": "2.0.3"
          }
        },
        "stream-shift": {
          "version": "1.0.0",
          "bundled": true
        },
        "string-extended": {
          "version": "0.0.8",
          "bundled": true,
          "requires": {
            "array-extended": "0.0.11",
            "date-extended": "0.0.6",
            "extended": "0.0.6",
            "is-extended": "0.0.10"
          }
        },
        "string_decoder": {
          "version": "1.0.3",
          "bundled": true,
          "requires": {
            "safe-buffer": "5.1.1"
          }
        },
        "supports-color": {
          "version": "3.1.2",
          "bundled": true,
          "requires": {
            "has-flag": "1.0.0"
          }
        },
        "through2": {
          "version": "2.0.3",
          "bundled": true,
          "requires": {
            "readable-stream": "2.3.3",
            "xtend": "4.0.1"
          }
        },
        "url": {
          "version": "0.10.3",
          "bundled": true,
          "requires": {
            "punycode": "1.3.2",
            "querystring": "0.2.0"
          }
        },
        "util-deprecate": {
          "version": "1.0.2",
          "bundled": true
        },
        "uuid": {
          "version": "3.1.0",
          "bundled": true
        },
        "wrappy": {
          "version": "1.0.2",
          "bundled": true
        },
        "xml2js": {
          "version": "0.4.17",
          "bundled": true,
          "requires": {
            "sax": "1.2.1",
            "xmlbuilder": "4.2.1"
          }
        },
        "xmlbuilder": {
          "version": "4.2.1",
          "bundled": true,
          "requires": {
            "lodash": "4.17.4"
          }
        },
        "xtend": {
          "version": "4.0.1",
          "bundled": true
        }
      }
    }
  }
}
